# This file is automatically @generated by Cargo.
# It is not intended for manual editing.
version = 3

[[package]]
name = "anyhow"
version = "1.0.65"
source = "registry+https://github.com/rust-lang/crates.io-index"
checksum = "98161a4e3e2184da77bb14f02184cdd111e83bbbcc9979dfee3c44b9a85f5602"

[[package]]
name = "arbitrary-sdk"
version = "0.1.0"

[[package]]
name = "arbitrary-state-machine"
version = "0.1.0"
dependencies = [
 "anyhow",
 "ethereum-bigint",
 "ethereum-trie",
 "hex",
 "sha3",
 "wasmi",
]

[[package]]
name = "autocfg"
version = "1.1.0"
source = "registry+https://github.com/rust-lang/crates.io-index"
checksum = "d468802bab17cbc0cc575e9b053f41e72aa36bfa6b7f55e3529ffa43161b97fa"

[[package]]
name = "block-buffer"
version = "0.2.0"
source = "registry+https://github.com/rust-lang/crates.io-index"
checksum = "1339a1042f5d9f295737ad4d9a6ab6bf81c84a933dba110b9200cd6d1448b814"
dependencies = [
 "byte-tools",
 "generic-array",
]

[[package]]
name = "byte-tools"
version = "0.2.0"
source = "registry+https://github.com/rust-lang/crates.io-index"
checksum = "560c32574a12a89ecd91f5e742165893f86e3ab98d21f8ea548658eb9eef5f40"

[[package]]
name = "byteorder"
version = "1.4.3"
source = "registry+https://github.com/rust-lang/crates.io-index"
checksum = "14c189c53d098945499cdfa7ecc63567cf3886b3332b312a5b4585d8d3a6a610"

[[package]]
name = "digest"
version = "0.6.1"
source = "registry+https://github.com/rust-lang/crates.io-index"
checksum = "ecae1c064e29fcabb6c2e9939e53dc7da72ed90234ae36ebfe03a478742efbd1"
dependencies = [
 "generic-array",
]

[[package]]
name = "downcast-rs"
version = "1.2.0"
source = "registry+https://github.com/rust-lang/crates.io-index"
checksum = "9ea835d29036a4087793836fa931b08837ad5e957da9e23886b29586fb9b6650"

[[package]]
name = "elastic-array-plus"
version = "0.9.1"
source = "registry+https://github.com/rust-lang/crates.io-index"
checksum = "6432870c5bd8b1b788e12e1095c337afab982a56aad4f48fda45471ff0abcc24"

[[package]]
name = "ethereum-bigint"
version = "0.2.9"
source = "registry+https://github.com/rust-lang/crates.io-index"
checksum = "8729f31beec764416e87a6343301d111d37a54fb7a7acfbb3f6af1dbdfe938e6"
dependencies = [
 "byteorder",
 "ethereum-hexutil",
 "ethereum-rlp",
 "libc",
 "rand 0.3.23",
]

[[package]]
name = "ethereum-hexutil"
version = "0.2.3"
source = "registry+https://github.com/rust-lang/crates.io-index"
checksum = "bc096350537e7ec4f98252fc88a7912a8a23183e089b1f687516f0e9c82704ff"

[[package]]
name = "ethereum-rlp"
version = "0.2.3"
source = "registry+https://github.com/rust-lang/crates.io-index"
checksum = "7c056a6adfc1f95ae2b55e9d1748aac23c0f597995e075a2b9618039888f7c1d"
dependencies = [
 "byteorder",
 "elastic-array-plus",
 "ethereum-hexutil",
 "lazy_static",
]

[[package]]
name = "ethereum-trie"
version = "0.5.0"
source = "registry+https://github.com/rust-lang/crates.io-index"
checksum = "5e2d285a3cf403674f0e18cfe7e99c2e1a7bcd2bdd2c0ee028212a332250a62b"
dependencies = [
 "ethereum-bigint",
 "ethereum-rlp",
 "sha3",
]

[[package]]
name = "flipper"
version = "0.1.0"
dependencies = [
 "arbitrary-sdk",
]

[[package]]
name = "fuchsia-cprng"
version = "0.1.1"
source = "registry+https://github.com/rust-lang/crates.io-index"
checksum = "a06f77d526c1a601b7c4cdd98f54b5eaabffc14d5f2f0296febdc7f357c6d3ba"

[[package]]
name = "generic-array"
version = "0.8.4"
source = "registry+https://github.com/rust-lang/crates.io-index"
checksum = "b2297fb0e3ea512e380da24b52dca3924028f59df5e3a17a18f81d8349ca7ebe"
dependencies = [
 "nodrop",
 "typenum",
]

[[package]]
name = "hex"
version = "0.4.3"
source = "registry+https://github.com/rust-lang/crates.io-index"
checksum = "7f24254aa9a54b5c858eaee2f5bccdb46aaf0e486a595ed5fd8f86ba55232a70"

[[package]]
name = "indexmap-nostd"
version = "0.4.0"
source = "registry+https://github.com/rust-lang/crates.io-index"
checksum = "8e04e2fd2b8188ea827b32ef11de88377086d690286ab35747ef7f9bf3ccb590"

[[package]]
name = "lazy_static"
version = "0.2.11"
source = "registry+https://github.com/rust-lang/crates.io-index"
checksum = "76f033c7ad61445c5b347c7382dd1237847eb1bce590fe50365dcb33d546be73"

[[package]]
name = "libc"
version = "0.2.132"
source = "registry+https://github.com/rust-lang/crates.io-index"
checksum = "8371e4e5341c3a96db127eb2465ac681ced4c433e01dd0e938adbef26ba93ba5"

[[package]]
name = "libm"
version = "0.2.5"
source = "registry+https://github.com/rust-lang/crates.io-index"
checksum = "292a948cd991e376cf75541fe5b97a1081d713c618b4f1b9500f8844e49eb565"

[[package]]
name = "memory_units"
version = "0.4.0"
source = "registry+https://github.com/rust-lang/crates.io-index"
checksum = "8452105ba047068f40ff7093dd1d9da90898e63dd61736462e9cdda6a90ad3c3"

[[package]]
name = "nodrop"
version = "0.1.14"
source = "registry+https://github.com/rust-lang/crates.io-index"
checksum = "72ef4a56884ca558e5ddb05a1d1e7e1bfd9a68d9ed024c21704cc98872dae1bb"

[[package]]
name = "num-bigint"
version = "0.4.3"
source = "registry+https://github.com/rust-lang/crates.io-index"
checksum = "f93ab6289c7b344a8a9f60f88d80aa20032336fe78da341afc91c8a2341fc75f"
dependencies = [
 "autocfg",
 "num-integer",
 "num-traits",
]

[[package]]
name = "num-integer"
version = "0.1.45"
source = "registry+https://github.com/rust-lang/crates.io-index"
checksum = "225d3389fb3509a24c93f5c29eb6bde2586b98d9f016636dff58d7c6f7569cd9"
dependencies = [
 "autocfg",
 "num-traits",
]

[[package]]
name = "num-rational"
version = "0.4.1"
source = "registry+https://github.com/rust-lang/crates.io-index"
checksum = "0638a1c9d0a3c0914158145bc76cff373a75a627e6ecbfb71cbe6f453a5a19b0"
dependencies = [
 "autocfg",
 "num-bigint",
 "num-integer",
 "num-traits",
]

[[package]]
name = "num-traits"
version = "0.2.15"
source = "registry+https://github.com/rust-lang/crates.io-index"
checksum = "578ede34cf02f8924ab9447f50c28075b4d3e5b269972345e7e0372b38c6cdcd"
dependencies = [
 "autocfg",
]

[[package]]
name = "rand"
version = "0.3.23"
source = "registry+https://github.com/rust-lang/crates.io-index"
checksum = "64ac302d8f83c0c1974bf758f6b041c6c8ada916fbb44a609158ca8b064cc76c"
dependencies = [
 "libc",
 "rand 0.4.6",
]

[[package]]
name = "rand"
version = "0.4.6"
source = "registry+https://github.com/rust-lang/crates.io-index"
checksum = "552840b97013b1a26992c11eac34bdd778e464601a4c2054b5f0bff7c6761293"
dependencies = [
 "fuchsia-cprng",
 "libc",
 "rand_core 0.3.1",
 "rdrand",
 "winapi",
]

[[package]]
name = "rand_core"
version = "0.3.1"
source = "registry+https://github.com/rust-lang/crates.io-index"
checksum = "7a6fdeb83b075e8266dcc8762c22776f6877a63111121f5f8c7411e5be7eed4b"
dependencies = [
 "rand_core 0.4.2",
]

[[package]]
name = "rand_core"
version = "0.4.2"
source = "registry+https://github.com/rust-lang/crates.io-index"
checksum = "9c33a3c44ca05fa6f1807d8e6743f3824e8509beca625669633be0acbdf509dc"

[[package]]
name = "rdrand"
version = "0.4.0"
source = "registry+https://github.com/rust-lang/crates.io-index"
checksum = "678054eb77286b51581ba43620cc911abf02758c91f93f479767aed0f90458b2"
dependencies = [
 "rand_core 0.3.1",
]

[[package]]
name = "sha3"
version = "0.6.0"
source = "registry+https://github.com/rust-lang/crates.io-index"
checksum = "26405905b6a56a94c60109cfda62610507ac14a65be531f5767dec5c5a8dd6a0"
dependencies = [
 "block-buffer",
 "byte-tools",
 "digest",
 "generic-array",
]

[[package]]
name = "spin"
version = "0.9.4"
source = "registry+https://github.com/rust-lang/crates.io-index"
checksum = "7f6002a767bff9e83f8eeecf883ecb8011875a21ae8da43bffb817a57e78cc09"

[[package]]
name = "typenum"
version = "1.15.0"
source = "registry+https://github.com/rust-lang/crates.io-index"
checksum = "dcf81ac59edc17cc8697ff311e8f5ef2d99fcbd9817b34cec66f90b6c3dfd987"

[[package]]
name = "wasmi"
version = "0.16.0"
source = "registry+https://github.com/rust-lang/crates.io-index"
checksum = "9244c4a9f4a63a5e4427d0a59f0ecb8f887cd70fe1dfb6cac5b7a026945594e3"
dependencies = [
 "spin",
 "wasmi_core",
 "wasmparser-nostd",
]

[[package]]
name = "wasmi_core"
version = "0.3.0"
source = "registry+https://github.com/rust-lang/crates.io-index"
checksum = "6a53379aecfee3604c2423dddbbecf1d65e0327b0249812dcc2737e5a1db43b5"
dependencies = [
 "downcast-rs",
 "libm",
 "memory_units",
 "num-rational",
 "num-traits",
]

[[package]]
name = "wasmparser-nostd"
version = "0.90.0"
source = "registry+https://github.com/rust-lang/crates.io-index"
checksum = "92a94fbf4c521b038f41382df2056cf47099d3b7a0faa5a6e46f7771fd7c84a6"
dependencies = [
 "indexmap-nostd",
]

[[package]]
name = "winapi"
version = "0.3.9"
source = "registry+https://github.com/rust-lang/crates.io-index"
checksum = "5c839a674fcd7a98952e593242ea400abe93992746761e38641405d28b00f419"
dependencies = [
 "winapi-i686-pc-windows-gnu",
 "winapi-x86_64-pc-windows-gnu",
]

[[package]]
name = "winapi-i686-pc-windows-gnu"
version = "0.4.0"
source = "registry+https://github.com/rust-lang/crates.io-index"
checksum = "ac3b87c63620426dd9b991e5ce0329eff545bccbbb34f3be09ff6fb6ab51b7b6"

[[package]]
name = "winapi-x86_64-pc-windows-gnu"
version = "0.4.0"
source = "registry+https://github.com/rust-lang/crates.io-index"
checksum = "712e227841d057c1ee1cd2fb22fa7e5a5461ae8e48fa2ca79ec42cfc1931183f"
